// !$*UTF8*$!
{
	archiveVersion = 1;
	classes = {
	};
	objectVersion = 46;
	objects = {

/* Begin PBXBuildFile section */
		D28A867A1517E2280048464C /* MainMenu.xib in Resources */ = {isa = PBXBuildFile; fileRef = D28A86781517E2280048464C /* MainMenu.xib */; };
		F10F08DC056C90030013C46D /* InfoPlist.strings in Resources */ = {isa = PBXBuildFile; fileRef = 089C165CFE840E0CC02AAC07 /* InfoPlist.strings */; };
		F10F08DD056C90030013C46D /* WebDesktop.icns in Resources */ = {isa = PBXBuildFile; fileRef = F1DDC5CF04B4CDE60081D57A /* WebDesktop.icns */; };
		F10F08DF056C90030013C46D /* main.m in Sources */ = {isa = PBXBuildFile; fileRef = 29B97316FDCFA39411CA2CEA /* main.m */; settings = {ATTRIBUTES = (); }; };
		F10F08E0056C90030013C46D /* Controller.m in Sources */ = {isa = PBXBuildFile; fileRef = F1E59FE403AFB31300A800AB /* Controller.m */; };
		F10F08E1056C90030013C46D /* CustomWindow.m in Sources */ = {isa = PBXBuildFile; fileRef = F180279C03AFB58300A800AB /* CustomWindow.m */; };
		F10F08E3056C90030013C46D /* Cocoa.framework in Frameworks */ = {isa = PBXBuildFile; fileRef = 1058C7A1FEA54F0111CA2CBB /* Cocoa.framework */; };
		F10F08E4056C90030013C46D /* Carbon.framework in Frameworks */ = {isa = PBXBuildFile; fileRef = F1E5AC3D03AFB48900A800AB /* Carbon.framework */; };
		F10F08E5056C90030013C46D /* WebKit.framework in Frameworks */ = {isa = PBXBuildFile; fileRef = F1DDBC3604B4C05C0081D57A /* WebKit.framework */; };
		F1F1902409CF5E5700450C14 /* GlobalHandler.m in Sources */ = {isa = PBXBuildFile; fileRef = F1F1902409CF5E5700450C13 /* GlobalHandler.m */; };
/* End PBXBuildFile section */

/* Begin PBXFileReference section */
		089C165DFE840E0CC02AAC07 /* English */ = {isa = PBXFileReference; fileEncoding = 10; lastKnownFileType = text.plist.strings; name = English; path = English.lproj/InfoPlist.strings; sourceTree = "<group>"; };
		1058C7A1FEA54F0111CA2CBB /* Cocoa.framework */ = {isa = PBXFileReference; lastKnownFileType = wrapper.framework; name = Cocoa.framework; path = /System/Library/Frameworks/Cocoa.framework; sourceTree = "<absolute>"; };
		29B97316FDCFA39411CA2CEA /* main.m */ = {isa = PBXFileReference; fileEncoding = 30; lastKnownFileType = sourcecode.c.objc; path = main.m; sourceTree = "<group>"; };
		29B97324FDCFA39411CA2CEA /* AppKit.framework */ = {isa = PBXFileReference; lastKnownFileType = wrapper.framework; name = AppKit.framework; path = /System/Library/Frameworks/AppKit.framework; sourceTree = "<absolute>"; };
		29B97325FDCFA39411CA2CEA /* Foundation.framework */ = {isa = PBXFileReference; lastKnownFileType = wrapper.framework; name = Foundation.framework; path = /System/Library/Frameworks/Foundation.framework; sourceTree = "<absolute>"; };
		D28A86791517E2280048464C /* English */ = {isa = PBXFileReference; lastKnownFileType = file.xib; name = English; path = English.lproj/MainMenu.xib; sourceTree = "<group>"; };
		F10F08E8056C90030013C46D /* WebDesktop.app */ = {isa = PBXFileReference; explicitFileType = wrapper.application; includeInIndex = 0; path = WebDesktop.app; sourceTree = BUILT_PRODUCTS_DIR; };
		F180279C03AFB58300A800AB /* CustomWindow.m */ = {isa = PBXFileReference; fileEncoding = 30; lastKnownFileType = sourcecode.c.objc; path = CustomWindow.m; sourceTree = "<group>"; };
		F180279D03AFB58300A800AB /* CustomWindow.h */ = {isa = PBXFileReference; fileEncoding = 30; lastKnownFileType = sourcecode.c.h; path = CustomWindow.h; sourceTree = "<group>"; };
		F180303303AFD3F800A800AB /* Prefix.h */ = {isa = PBXFileReference; fileEncoding = 30; lastKnownFileType = sourcecode.c.h; path = Prefix.h; sourceTree = "<group>"; };
		F1DDBC3604B4C05C0081D57A /* WebKit.framework */ = {isa = PBXFileReference; lastKnownFileType = wrapper.framework; name = WebKit.framework; path = /System/Library/Frameworks/WebKit.framework; sourceTree = "<absolute>"; };
		F1DDC5CF04B4CDE60081D57A /* WebDesktop.icns */ = {isa = PBXFileReference; lastKnownFileType = image.icns; path = WebDesktop.icns; sourceTree = "<group>"; };
		F1E59FE303AFB31300A800AB /* Controller.h */ = {isa = PBXFileReference; fileEncoding = 30; lastKnownFileType = sourcecode.c.h; path = Controller.h; sourceTree = "<group>"; };
		F1E59FE403AFB31300A800AB /* Controller.m */ = {isa = PBXFileReference; fileEncoding = 30; lastKnownFileType = sourcecode.c.objc; path = Controller.m; sourceTree = "<group>"; };
		F1E5AC3D03AFB48900A800AB /* Carbon.framework */ = {isa = PBXFileReference; lastKnownFileType = wrapper.framework; name = Carbon.framework; path = /System/Library/Frameworks/Carbon.framework; sourceTree = "<absolute>"; };
		F1F1902409CF5E5700450C12 /* Info.plist */ = {isa = PBXFileReference; fileEncoding = 30; lastKnownFileType = text.plist.xml; path = Info.plist; sourceTree = "<group>"; };
		F1F1902409CF5E5700450C13 /* GlobalHandler.m */ = {isa = PBXFileReference; fileEncoding = 4; lastKnownFileType = sourcecode.c.objc; path = GlobalHandler.m; sourceTree = "<group>"; };
		F1F1902409CF5E5700450C15 /* GlobalHandler.h */ = {isa = PBXFileReference; fileEncoding = 4; lastKnownFileType = sourcecode.c.h; path = GlobalHandler.h; sourceTree = "<group>"; };
/* End PBXFileReference section */

/* Begin PBXFrameworksBuildPhase section */
		F10F08E2056C90030013C46D /* Frameworks */ = {
			isa = PBXFrameworksBuildPhase;
			buildActionMask = 2147483647;
			files = (
				F10F08E3056C90030013C46D /* Cocoa.framework in Frameworks */,
				F10F08E4056C90030013C46D /* Carbon.framework in Frameworks */,
				F10F08E5056C90030013C46D /* WebKit.framework in Frameworks */,
			);
			runOnlyForDeploymentPostprocessing = 0;
		};
/* End PBXFrameworksBuildPhase section */

/* Begin PBXGroup section */
		080E96DDFE201D6D7F000001 /* Classes */ = {
			isa = PBXGroup;
			children = (
				F1F1902409CF5E5700450C15 /* GlobalHandler.h */,
				F1F1902409CF5E5700450C13 /* GlobalHandler.m */,
				F1E59FE303AFB31300A800AB /* Controller.h */,
				F1E59FE403AFB31300A800AB /* Controller.m */,
				F180279D03AFB58300A800AB /* CustomWindow.h */,
				F180279C03AFB58300A800AB /* CustomWindow.m */,
			);
			name = Classes;
			sourceTree = "<group>";
		};
		1058C7A0FEA54F0111CA2CBB /* Linked Frameworks */ = {
			isa = PBXGroup;
			children = (
				1058C7A1FEA54F0111CA2CBB /* Cocoa.framework */,
				F1E5AC3D03AFB48900A800AB /* Carbon.framework */,
				F1DDBC3604B4C05C0081D57A /* WebKit.framework */,
			);
			name = "Linked Frameworks";
			sourceTree = "<group>";
		};
		1058C7A2FEA54F0111CA2CBB /* Other Frameworks */ = {
			isa = PBXGroup;
			children = (
				29B97325FDCFA39411CA2CEA /* Foundation.framework */,
				29B97324FDCFA39411CA2CEA /* AppKit.framework */,
			);
			name = "Other Frameworks";
			sourceTree = "<group>";
		};
		19C28FACFE9D520D11CA2CBB /* Products */ = {
			isa = PBXGroup;
			children = (
				F10F08E8056C90030013C46D /* WebDesktop.app */,
			);
			name = Products;
			sourceTree = "<group>";
		};
		29B97314FDCFA39411CA2CEA /* fstest */ = {
			isa = PBXGroup;
			children = (
				080E96DDFE201D6D7F000001 /* Classes */,
				29B97315FDCFA39411CA2CEA /* Other Sources */,
				29B97317FDCFA39411CA2CEA /* Resources */,
				F1F1902409CF5E5700450C12 /* Info.plist */,
				29B97323FDCFA39411CA2CEA /* Frameworks */,
				19C28FACFE9D520D11CA2CBB /* Products */,
			);
			name = fstest;
			sourceTree = "<group>";
		};
		29B97315FDCFA39411CA2CEA /* Other Sources */ = {
			isa = PBXGroup;
			children = (
				F180303303AFD3F800A800AB /* Prefix.h */,
				29B97316FDCFA39411CA2CEA /* main.m */,
			);
			name = "Other Sources";
			sourceTree = "<group>";
		};
		29B97317FDCFA39411CA2CEA /* Resources */ = {
			isa = PBXGroup;
			children = (
				D28A86781517E2280048464C /* MainMenu.xib */,
				F1DDC5CF04B4CDE60081D57A /* WebDesktop.icns */,
				089C165CFE840E0CC02AAC07 /* InfoPlist.strings */,
			);
			name = Resources;
			sourceTree = "<group>";
		};
		29B97323FDCFA39411CA2CEA /* Frameworks */ = {
			isa = PBXGroup;
			children = (
				1058C7A0FEA54F0111CA2CBB /* Linked Frameworks */,
				1058C7A2FEA54F0111CA2CBB /* Other Frameworks */,
			);
			name = Frameworks;
			sourceTree = "<group>";
		};
/* End PBXGroup section */

/* Begin PBXNativeTarget section */
		F10F08D5056C90030013C46D /* WebDesktop */ = {
			isa = PBXNativeTarget;
			buildConfigurationList = F1F18FF609CF5E0100450C12 /* Build configuration list for PBXNativeTarget "WebDesktop" */;
			buildPhases = (
				F10F08DA056C90030013C46D /* Resources */,
				F10F08DE056C90030013C46D /* Sources */,
				F10F08E2056C90030013C46D /* Frameworks */,
			);
			buildRules = (
			);
			dependencies = (
			);
			name = WebDesktop;
			productInstallPath = "$(HOME)/Applications";
			productName = fstest;
			productReference = F10F08E8056C90030013C46D /* WebDesktop.app */;
			productType = "com.apple.product-type.application";
		};
/* End PBXNativeTarget section */

/* Begin PBXProject section */
		29B97313FDCFA39411CA2CEA /* Project object */ = {
			isa = PBXProject;
			attributes = {
				LastUpgradeCheck = 0430;
			};
			buildConfigurationList = F1F18FFA09CF5E0100450C12 /* Build configuration list for PBXProject "WebDesktop" */;
			compatibilityVersion = "Xcode 3.2";
			developmentRegion = English;
			hasScannedForEncodings = 1;
			knownRegions = (
				en,
				English,
			);
			mainGroup = 29B97314FDCFA39411CA2CEA /* fstest */;
			projectDirPath = "";
			projectRoot = "";
			targets = (
				F10F08D5056C90030013C46D /* WebDesktop */,
			);
		};
/* End PBXProject section */

/* Begin PBXResourcesBuildPhase section */
		F10F08DA056C90030013C46D /* Resources */ = {
			isa = PBXResourcesBuildPhase;
			buildActionMask = 2147483647;
			files = (
				F10F08DC056C90030013C46D /* InfoPlist.strings in Resources */,
				F10F08DD056C90030013C46D /* WebDesktop.icns in Resources */,
				D28A867A1517E2280048464C /* MainMenu.xib in Resources */,
			);
			runOnlyForDeploymentPostprocessing = 0;
		};
/* End PBXResourcesBuildPhase section */

/* Begin PBXSourcesBuildPhase section */
		F10F08DE056C90030013C46D /* Sources */ = {
			isa = PBXSourcesBuildPhase;
			buildActionMask = 2147483647;
			files = (
				F10F08DF056C90030013C46D /* main.m in Sources */,
				F10F08E0056C90030013C46D /* Controller.m in Sources */,
				F10F08E1056C90030013C46D /* CustomWindow.m in Sources */,
				F1F1902409CF5E5700450C14 /* GlobalHandler.m in Sources */,
			);
			runOnlyForDeploymentPostprocessing = 0;
		};
/* End PBXSourcesBuildPhase section */

/* Begin PBXVariantGroup section */
		089C165CFE840E0CC02AAC07 /* InfoPlist.strings */ = {
			isa = PBXVariantGroup;
			children = (
				089C165DFE840E0CC02AAC07 /* English */,
			);
			name = InfoPlist.strings;
			sourceTree = "<group>";
		};
		D28A86781517E2280048464C /* MainMenu.xib */ = {
			isa = PBXVariantGroup;
			children = (
				D28A86791517E2280048464C /* English */,
			);
			name = MainMenu.xib;
			sourceTree = "<group>";
		};
/* End PBXVariantGroup section */

/* Begin XCBuildConfiguration section */
		F1F18FF709CF5E0100450C12 /* Development */ = {
			isa = XCBuildConfiguration;
			buildSettings = {
				ARCHS = "$(ARCHS_STANDARD_32_64_BIT)";
				COPY_PHASE_STRIP = NO;
				FRAMEWORK_SEARCH_PATHS = "$(SYSTEM_LIBRARY_DIR)/PrivateFrameworks";
				GCC_DYNAMIC_NO_PIC = NO;
				GCC_GENERATE_DEBUGGING_SYMBOLS = YES;
				GCC_OPTIMIZATION_LEVEL = 0;
				GCC_PRECOMPILE_PREFIX_HEADER = YES;
				GCC_PREFIX_HEADER = Prefix.h;
				GCC_WARN_FOUR_CHARACTER_CONSTANTS = NO;
				GCC_WARN_UNKNOWN_PRAGMAS = NO;
				HEADER_SEARCH_PATHS = "";
				INFOPLIST_FILE = Info.plist;
				INSTALL_PATH = "$(HOME)/Applications";
				LIBRARY_SEARCH_PATHS = "";
				ONLY_ACTIVE_ARCH = YES;
				OTHER_CFLAGS = "";
				OTHER_LDFLAGS = "";
				PRODUCT_NAME = WebDesktop;
				SDKROOT = "";
				SECTORDER_FLAGS = "";
				WARNING_CFLAGS = "-Wmost";
				WRAPPER_EXTENSION = app;
				ZERO_LINK = YES;
			};
			name = Development;
		};
		F1F18FF809CF5E0100450C12 /* Deployment */ = {
			isa = XCBuildConfiguration;
			buildSettings = {
				ARCHS = "$(ARCHS_STANDARD_32_64_BIT)";
				COPY_PHASE_STRIP = YES;
				FRAMEWORK_SEARCH_PATHS = "$(SYSTEM_LIBRARY_DIR)/PrivateFrameworks";
				GCC_PRECOMPILE_PREFIX_HEADER = YES;
				GCC_PREFIX_HEADER = Prefix.h;
				GCC_WARN_FOUR_CHARACTER_CONSTANTS = NO;
				GCC_WARN_UNKNOWN_PRAGMAS = NO;
				HEADER_SEARCH_PATHS = "";
				INFOPLIST_FILE = Info.plist;
				INSTALL_PATH = "$(HOME)/Applications";
				LIBRARY_SEARCH_PATHS = "";
				OTHER_CFLAGS = "";
				OTHER_LDFLAGS = "";
				PRODUCT_NAME = WebDesktop;
				SDKROOT = "";
				SECTORDER_FLAGS = "";
				WARNING_CFLAGS = "-Wmost";
				WRAPPER_EXTENSION = app;
				ZERO_LINK = NO;
			};
			name = Deployment;
		};
		F1F18FFB09CF5E0100450C12 /* Development */ = {
			isa = XCBuildConfiguration;
			buildSettings = {
				ARCHS = "$(ARCHS_STANDARD_32_64_BIT)";
				GCC_OPTIMIZATION_LEVEL = 0;
				MACOSX_DEPLOYMENT_TARGET = 10.5;
				SDKROOT = macosx;
				ZERO_LINK = YES;
			};
			name = Development;
		};
		F1F18FFC09CF5E0100450C12 /* Deployment */ = {
			isa = XCBuildConfiguration;
			buildSettings = {
				ARCHS = "$(ARCHS_STANDARD_32_64_BIT)";
				MACOSX_DEPLOYMENT_TARGET = 10.5;
				SDKROOT = macosx;
			};
			name = Deployment;
		};
/* End XCBuildConfiguration section */

/* Begin XCConfigurationList section */
		F1F18FF609CF5E0100450C12 /* Build configuration list for PBXNativeTarget "WebDesktop" */ = {
			isa = XCConfigurationList;
			buildConfigurations = (
				F1F18FF709CF5E0100450C12 /* Development */,
				F1F18FF809CF5E0100450C12 /* Deployment */,
			);
			defaultConfigurationIsVisible = 0;
			defaultConfigurationName = Development;
		};
		F1F18FFA09CF5E0100450C12 /* Build configuration list for PBXProject "WebDesktop" */ = {
			isa = XCConfigurationList;
			buildConfigurations = (
				F1F18FFB09CF5E0100450C12 /* Development */,
				F1F18FFC09CF5E0100450C12 /* Deployment */,
			);
			defaultConfigurationIsVisible = 0;
			defaultConfigurationName = Development;
		};
/* End XCConfigurationList section */
	};
	rootObject = 29B97313FDCFA39411CA2CEA /* Project object */;
}
